
Microsoft Visual Studio Solution File, Format Version 12.00
# Visual Studio Version 16
VisualStudioVersion = 16.0.29306.81
MinimumVisualStudioVersion = 10.0.40219.1
Project("{9A19103F-16F7-4668-BE54-9A1E7A4F7556}") = "Raffel_Web", "Raffel_Web.csproj", "{9ADEE975-3E5A-4FCE-BEA9-38A1A3EDFECE}"
EndProject
Global
	GlobalSection(SolutionConfigurationPlatforms) = preSolution
		Debug|Any CPU = Debug|Any CPU
		Release|Any CPU = Release|Any CPU
	EndGlobalSection
	GlobalSection(ProjectConfigurationPlatforms) = postSolution
		{9ADEE975-3E5A-4FCE-BEA9-38A1A3EDFECE}.Debug|Any CPU.ActiveCfg = Debug|Any CPU
		{9ADEE975-3E5A-4FCE-BEA9-38A1A3EDFECE}.Debug|Any CPU.Build.0 = Debug|Any CPU
		{9ADEE975-3E5A-4FCE-BEA9-38A1A3EDFECE}.Release|Any CPU.ActiveCfg = Release|Any CPU
		{9ADEE975-3E5A-4FCE-BEA9-38A1A3EDFECE}.Release|Any CPU.Build.0 = Release|Any CPU
	EndGlobalSection
	GlobalSection(SolutionProperties) = preSolution
		HideSolutionNode = FALSE
	EndGlobalSection
	GlobalSection(ExtensibilityGlobals) = postSolution
		SolutionGuid = {D49415AD-2914-4DAF-B8A5-0DA6A2835399}
	EndGlobalSection
EndGlobal
